
Microsoft Visual Studio Solution File, Format Version 12.00
# Visual Studio 15
VisualStudioVersion = 15.0.26403.7
MinimumVisualStudioVersion = 10.0.40219.1
Project("{2150E333-8FDC-42A3-9474-1A3956D46DE8}") = "Examples", "Examples", "{60C80726-9C87-406C-89F6-5FA543A269C6}"
EndProject
Project("{2150E333-8FDC-42A3-9474-1A3956D46DE8}") = "LatestStable", "LatestStable", "{671554D7-58A2-433D-B768-E509B41F9826}"
EndProject
Project("{2150E333-8FDC-42A3-9474-1A3956D46DE8}") = "PreRelease", "PreRelease", "{E1CB0CE9-A4A3-4404-A90A-62E0A7AA88EF}"
EndProject
Project("{2150E333-8FDC-42A3-9474-1A3956D46DE8}") = "Authentication", "Authentication", "{96F76891-F808-4BD0-A215-5D02B555C773}"
EndProject
Project("{2150E333-8FDC-42A3-9474-1A3956D46DE8}") = "Configuration", "Configuration", "{3BED37B8-38EC-40BF-B0DD-BAC7490AE447}"
EndProject
Project("{2150E333-8FDC-42A3-9474-1A3956D46DE8}") = "Modules", "Modules", "{1472256B-D76A-4C4C-BBF4-58C91291BCC1}"
EndProject
Project("{2150E333-8FDC-42A3-9474-1A3956D46DE8}") = "UWP App", "UWP App", "{11B74CAC-0628-4701-A417-3D3661B9A5D5}"
EndProject
Project("{2150E333-8FDC-42A3-9474-1A3956D46DE8}") = "Serialization", "Serialization", "{8FFFB505-CE1B-4383-AD47-ACBCC8984B14}"
EndProject
Project("{2150E333-8FDC-42A3-9474-1A3956D46DE8}") = "Authentication", "Authentication", "{150D49D6-313C-42BA-BB8B-8C1680BA950C}"
EndProject
Project("{2150E333-8FDC-42A3-9474-1A3956D46DE8}") = "Configuration", "Configuration", "{6A8D0CB0-D9C0-45C3-AE25-85F2B473FBDD}"
EndProject
Project("{2150E333-8FDC-42A3-9474-1A3956D46DE8}") = "Modules", "Modules", "{AAD82862-DF5C-4710-828E-3FE5A06AAEEE}"
EndProject
Project("{2150E333-8FDC-42A3-9474-1A3956D46DE8}") = "Serialization", "Serialization", "{1CE00FE7-E714-46C3-B291-D1337A8D6BE9}"
EndProject
Project("{2150E333-8FDC-42A3-9474-1A3956D46DE8}") = "UWP App", "UWP App", "{9D0B6D0D-707A-4979-9B32-7192A131AD8C}"
EndProject
Global
	GlobalSection(SolutionProperties) = preSolution
		HideSolutionNode = FALSE
	EndGlobalSection
	GlobalSection(NestedProjects) = preSolution
		{671554D7-58A2-433D-B768-E509B41F9826} = {60C80726-9C87-406C-89F6-5FA543A269C6}
		{E1CB0CE9-A4A3-4404-A90A-62E0A7AA88EF} = {60C80726-9C87-406C-89F6-5FA543A269C6}
		{96F76891-F808-4BD0-A215-5D02B555C773} = {671554D7-58A2-433D-B768-E509B41F9826}
		{3BED37B8-38EC-40BF-B0DD-BAC7490AE447} = {671554D7-58A2-433D-B768-E509B41F9826}
		{1472256B-D76A-4C4C-BBF4-58C91291BCC1} = {671554D7-58A2-433D-B768-E509B41F9826}
		{11B74CAC-0628-4701-A417-3D3661B9A5D5} = {671554D7-58A2-433D-B768-E509B41F9826}
		{8FFFB505-CE1B-4383-AD47-ACBCC8984B14} = {671554D7-58A2-433D-B768-E509B41F9826}
		{150D49D6-313C-42BA-BB8B-8C1680BA950C} = {E1CB0CE9-A4A3-4404-A90A-62E0A7AA88EF}
		{6A8D0CB0-D9C0-45C3-AE25-85F2B473FBDD} = {E1CB0CE9-A4A3-4404-A90A-62E0A7AA88EF}
		{AAD82862-DF5C-4710-828E-3FE5A06AAEEE} = {E1CB0CE9-A4A3-4404-A90A-62E0A7AA88EF}
		{1CE00FE7-E714-46C3-B291-D1337A8D6BE9} = {E1CB0CE9-A4A3-4404-A90A-62E0A7AA88EF}
		{9D0B6D0D-707A-4979-9B32-7192A131AD8C} = {E1CB0CE9-A4A3-4404-A90A-62E0A7AA88EF}
	EndGlobalSection
EndGlobal
