
Microsoft Visual Studio Solution File, Format Version 12.00
# Visual Studio 15
VisualStudioVersion = 15.0.26403.7
MinimumVisualStudioVersion = 10.0.40219.1
Project("{2150E333-8FDC-42A3-9474-1A3956D46DE8}") = "Examples", "Examples", "{60C80726-9C87-406C-89F6-5FA543A269C6}"
EndProject
Project("{2150E333-8FDC-42A3-9474-1A3956D46DE8}") = "LatestStable", "LatestStable", "{671554D7-58A2-433D-B768-E509B41F9826}"
EndProject
Project("{2150E333-8FDC-42A3-9474-1A3956D46DE8}") = "PreRelease", "PreRelease", "{E1CB0CE9-A4A3-4404-A90A-62E0A7AA88EF}"
EndProject
Project("{2150E333-8FDC-42A3-9474-1A3956D46DE8}") = "Authentication", "Authentication", "{96F76891-F808-4BD0-A215-5D02B555C773}"
EndProject
Project("{2150E333-8FDC-42A3-9474-1A3956D46DE8}") = "Configuration", "Configuration", "{3BED37B8-38EC-40BF-B0DD-BAC7490AE447}"
EndProject
Project("{2150E333-8FDC-42A3-9474-1A3956D46DE8}") = "Modules", "Modules", "{1472256B-D76A-4C4C-BBF4-58C91291BCC1}"
EndProject
Project("{2150E333-8FDC-42A3-9474-1A3956D46DE8}") = "UWP App", "UWP App", "{11B74CAC-0628-4701-A417-3D3661B9A5D5}"
EndProject
Project("{2150E333-8FDC-42A3-9474-1A3956D46DE8}") = "Serialization", "Serialization", "{8FFFB505-CE1B-4383-AD47-ACBCC8984B14}"
EndProject
Project("{2150E333-8FDC-42A3-9474-1A3956D46DE8}") = "Authentication", "Authentication", "{150D49D6-313C-42BA-BB8B-8C1680BA950C}"
EndProject
Project("{2150E333-8FDC-42A3-9474-1A3956D46DE8}") = "Configuration", "Configuration", "{6A8D0CB0-D9C0-45C3-AE25-85F2B473FBDD}"
EndProject
Project("{2150E333-8FDC-42A3-9474-1A3956D46DE8}") = "Modules", "Modules", "{AAD82862-DF5C-4710-828E-3FE5A06AAEEE}"
EndProject
Project("{2150E333-8FDC-42A3-9474-1A3956D46DE8}") = "Serialization", "Serialization", "{1CE00FE7-E714-46C3-B291-D1337A8D6BE9}"
EndProject
Project("{2150E333-8FDC-42A3-9474-1A3956D46DE8}") = "UWP App", "UWP App", "{9D0B6D0D-707A-4979-9B32-7192A131AD8C}"
EndProject
Project("{FAE04EC0-301F-11D3-BF4B-00C04F79EFBC}") = "TraktDeviceAuthenticationExample", "PreRelease\Authentication\TraktDeviceAuthenticationExample\TraktDeviceAuthenticationExample.csproj", "{CFB3BE84-E6F2-4D17-BED4-C93DB5E0CFC4}"
EndProject
Project("{FAE04EC0-301F-11D3-BF4B-00C04F79EFBC}") = "TraktOAuthAuthenticationExample", "PreRelease\Authentication\TraktOAuthAuthenticationExample\TraktOAuthAuthenticationExample.csproj", "{5912AAAD-1421-4D1E-A09F-9ED9F969BF68}"
EndProject
Project("{FAE04EC0-301F-11D3-BF4B-00C04F79EFBC}") = "TraktConfigurationExample", "PreRelease\Configuration\TraktConfigurationExample\TraktConfigurationExample.csproj", "{95AAF947-EB19-4EF2-B7C3-4DD06408C820}"
EndProject
Project("{2150E333-8FDC-42A3-9474-1A3956D46DE8}") = "ShowsModule", "ShowsModule", "{CED74FC5-2D93-42C8-B346-888D13A5BB1B}"
EndProject
Project("{FAE04EC0-301F-11D3-BF4B-00C04F79EFBC}") = "GetMultipleShowsExample", "PreRelease\Modules\ShowsModule\GetMultipleShowsExample\GetMultipleShowsExample.csproj", "{873785B2-5C57-40E4-A26C-FAC98EC5BECD}"
EndProject
Project("{FAE04EC0-301F-11D3-BF4B-00C04F79EFBC}") = "GetSingleShowExample", "PreRelease\Modules\ShowsModule\GetSingleShowExample\GetSingleShowExample.csproj", "{0693F8A7-ED6D-4B20-ABD8-A13E67F4CEFF}"
EndProject
Project("{FAE04EC0-301F-11D3-BF4B-00C04F79EFBC}") = "TraktSerializeAuthorizationExample", "PreRelease\Serialization\TraktSerializeAuthorizationExample\TraktSerializeAuthorizationExample.csproj", "{561AD83B-1836-4FB9-9F4D-A78D3808C9FC}"
EndProject
Project("{FAE04EC0-301F-11D3-BF4B-00C04F79EFBC}") = "TraktDeviceAuthenticationExample", "LatestStable\Authentication\TraktDeviceAuthenticationExample\TraktDeviceAuthenticationExample.csproj", "{78C8E2FC-F186-4CAB-8747-ACDA7D70C439}"
EndProject
Project("{FAE04EC0-301F-11D3-BF4B-00C04F79EFBC}") = "TraktOAuthAuthenticationExample", "LatestStable\Authentication\TraktOAuthAuthenticationExample\TraktOAuthAuthenticationExample.csproj", "{1BE16152-3EAE-46A2-B414-334C37149637}"
EndProject
Project("{FAE04EC0-301F-11D3-BF4B-00C04F79EFBC}") = "TraktConfigurationExample", "LatestStable\Configuration\TraktConfigurationExample\TraktConfigurationExample.csproj", "{15C3184B-9C2E-4FD6-886A-64E0DC17CB33}"
EndProject
Project("{2150E333-8FDC-42A3-9474-1A3956D46DE8}") = "ShowsModule", "ShowsModule", "{E085F953-ED78-4EB4-9632-EA0EB12B4F98}"
EndProject
Project("{FAE04EC0-301F-11D3-BF4B-00C04F79EFBC}") = "GetMultipleShowsExample", "LatestStable\Modules\ShowsModule\GetMultipleShowsExample\GetMultipleShowsExample.csproj", "{4648F84A-31AE-4472-A5AF-388FB9742B78}"
EndProject
Project("{FAE04EC0-301F-11D3-BF4B-00C04F79EFBC}") = "GetSingleShowExample", "LatestStable\Modules\ShowsModule\GetSingleShowExample\GetSingleShowExample.csproj", "{F91731BE-1DA1-405E-B294-906402D7A874}"
EndProject
Project("{FAE04EC0-301F-11D3-BF4B-00C04F79EFBC}") = "TraktSerializeAuthorizationExample", "LatestStable\Serialization\TraktSerializeAuthorizationExample\TraktSerializeAuthorizationExample.csproj", "{E525C0C2-D102-4FA7-85E9-CC56BE0417C3}"
EndProject
Global
	GlobalSection(SolutionConfigurationPlatforms) = preSolution
		Debug|Any CPU = Debug|Any CPU
		Release|Any CPU = Release|Any CPU
	EndGlobalSection
	GlobalSection(ProjectConfigurationPlatforms) = postSolution
		{CFB3BE84-E6F2-4D17-BED4-C93DB5E0CFC4}.Debug|Any CPU.ActiveCfg = Debug|Any CPU
		{CFB3BE84-E6F2-4D17-BED4-C93DB5E0CFC4}.Debug|Any CPU.Build.0 = Debug|Any CPU
		{CFB3BE84-E6F2-4D17-BED4-C93DB5E0CFC4}.Release|Any CPU.ActiveCfg = Release|Any CPU
		{CFB3BE84-E6F2-4D17-BED4-C93DB5E0CFC4}.Release|Any CPU.Build.0 = Release|Any CPU
		{5912AAAD-1421-4D1E-A09F-9ED9F969BF68}.Debug|Any CPU.ActiveCfg = Debug|Any CPU
		{5912AAAD-1421-4D1E-A09F-9ED9F969BF68}.Debug|Any CPU.Build.0 = Debug|Any CPU
		{5912AAAD-1421-4D1E-A09F-9ED9F969BF68}.Release|Any CPU.ActiveCfg = Release|Any CPU
		{5912AAAD-1421-4D1E-A09F-9ED9F969BF68}.Release|Any CPU.Build.0 = Release|Any CPU
		{95AAF947-EB19-4EF2-B7C3-4DD06408C820}.Debug|Any CPU.ActiveCfg = Debug|Any CPU
		{95AAF947-EB19-4EF2-B7C3-4DD06408C820}.Debug|Any CPU.Build.0 = Debug|Any CPU
		{95AAF947-EB19-4EF2-B7C3-4DD06408C820}.Release|Any CPU.ActiveCfg = Release|Any CPU
		{95AAF947-EB19-4EF2-B7C3-4DD06408C820}.Release|Any CPU.Build.0 = Release|Any CPU
		{873785B2-5C57-40E4-A26C-FAC98EC5BECD}.Debug|Any CPU.ActiveCfg = Debug|Any CPU
		{873785B2-5C57-40E4-A26C-FAC98EC5BECD}.Debug|Any CPU.Build.0 = Debug|Any CPU
		{873785B2-5C57-40E4-A26C-FAC98EC5BECD}.Release|Any CPU.ActiveCfg = Release|Any CPU
		{873785B2-5C57-40E4-A26C-FAC98EC5BECD}.Release|Any CPU.Build.0 = Release|Any CPU
		{0693F8A7-ED6D-4B20-ABD8-A13E67F4CEFF}.Debug|Any CPU.ActiveCfg = Debug|Any CPU
		{0693F8A7-ED6D-4B20-ABD8-A13E67F4CEFF}.Debug|Any CPU.Build.0 = Debug|Any CPU
		{0693F8A7-ED6D-4B20-ABD8-A13E67F4CEFF}.Release|Any CPU.ActiveCfg = Release|Any CPU
		{0693F8A7-ED6D-4B20-ABD8-A13E67F4CEFF}.Release|Any CPU.Build.0 = Release|Any CPU
		{561AD83B-1836-4FB9-9F4D-A78D3808C9FC}.Debug|Any CPU.ActiveCfg = Debug|Any CPU
		{561AD83B-1836-4FB9-9F4D-A78D3808C9FC}.Debug|Any CPU.Build.0 = Debug|Any CPU
		{561AD83B-1836-4FB9-9F4D-A78D3808C9FC}.Release|Any CPU.ActiveCfg = Release|Any CPU
		{561AD83B-1836-4FB9-9F4D-A78D3808C9FC}.Release|Any CPU.Build.0 = Release|Any CPU
		{78C8E2FC-F186-4CAB-8747-ACDA7D70C439}.Debug|Any CPU.ActiveCfg = Debug|Any CPU
		{78C8E2FC-F186-4CAB-8747-ACDA7D70C439}.Debug|Any CPU.Build.0 = Debug|Any CPU
		{78C8E2FC-F186-4CAB-8747-ACDA7D70C439}.Release|Any CPU.ActiveCfg = Release|Any CPU
		{78C8E2FC-F186-4CAB-8747-ACDA7D70C439}.Release|Any CPU.Build.0 = Release|Any CPU
		{1BE16152-3EAE-46A2-B414-334C37149637}.Debug|Any CPU.ActiveCfg = Debug|Any CPU
		{1BE16152-3EAE-46A2-B414-334C37149637}.Debug|Any CPU.Build.0 = Debug|Any CPU
		{1BE16152-3EAE-46A2-B414-334C37149637}.Release|Any CPU.ActiveCfg = Release|Any CPU
		{1BE16152-3EAE-46A2-B414-334C37149637}.Release|Any CPU.Build.0 = Release|Any CPU
		{15C3184B-9C2E-4FD6-886A-64E0DC17CB33}.Debug|Any CPU.ActiveCfg = Debug|Any CPU
		{15C3184B-9C2E-4FD6-886A-64E0DC17CB33}.Debug|Any CPU.Build.0 = Debug|Any CPU
		{15C3184B-9C2E-4FD6-886A-64E0DC17CB33}.Release|Any CPU.ActiveCfg = Release|Any CPU
		{15C3184B-9C2E-4FD6-886A-64E0DC17CB33}.Release|Any CPU.Build.0 = Release|Any CPU
		{4648F84A-31AE-4472-A5AF-388FB9742B78}.Debug|Any CPU.ActiveCfg = Debug|Any CPU
		{4648F84A-31AE-4472-A5AF-388FB9742B78}.Debug|Any CPU.Build.0 = Debug|Any CPU
		{4648F84A-31AE-4472-A5AF-388FB9742B78}.Release|Any CPU.ActiveCfg = Release|Any CPU
		{4648F84A-31AE-4472-A5AF-388FB9742B78}.Release|Any CPU.Build.0 = Release|Any CPU
		{F91731BE-1DA1-405E-B294-906402D7A874}.Debug|Any CPU.ActiveCfg = Debug|Any CPU
		{F91731BE-1DA1-405E-B294-906402D7A874}.Debug|Any CPU.Build.0 = Debug|Any CPU
		{F91731BE-1DA1-405E-B294-906402D7A874}.Release|Any CPU.ActiveCfg = Release|Any CPU
		{F91731BE-1DA1-405E-B294-906402D7A874}.Release|Any CPU.Build.0 = Release|Any CPU
		{E525C0C2-D102-4FA7-85E9-CC56BE0417C3}.Debug|Any CPU.ActiveCfg = Debug|Any CPU
		{E525C0C2-D102-4FA7-85E9-CC56BE0417C3}.Debug|Any CPU.Build.0 = Debug|Any CPU
		{E525C0C2-D102-4FA7-85E9-CC56BE0417C3}.Release|Any CPU.ActiveCfg = Release|Any CPU
		{E525C0C2-D102-4FA7-85E9-CC56BE0417C3}.Release|Any CPU.Build.0 = Release|Any CPU
	EndGlobalSection
	GlobalSection(SolutionProperties) = preSolution
		HideSolutionNode = FALSE
	EndGlobalSection
	GlobalSection(NestedProjects) = preSolution
		{671554D7-58A2-433D-B768-E509B41F9826} = {60C80726-9C87-406C-89F6-5FA543A269C6}
		{E1CB0CE9-A4A3-4404-A90A-62E0A7AA88EF} = {60C80726-9C87-406C-89F6-5FA543A269C6}
		{96F76891-F808-4BD0-A215-5D02B555C773} = {671554D7-58A2-433D-B768-E509B41F9826}
		{3BED37B8-38EC-40BF-B0DD-BAC7490AE447} = {671554D7-58A2-433D-B768-E509B41F9826}
		{1472256B-D76A-4C4C-BBF4-58C91291BCC1} = {671554D7-58A2-433D-B768-E509B41F9826}
		{11B74CAC-0628-4701-A417-3D3661B9A5D5} = {671554D7-58A2-433D-B768-E509B41F9826}
		{8FFFB505-CE1B-4383-AD47-ACBCC8984B14} = {671554D7-58A2-433D-B768-E509B41F9826}
		{150D49D6-313C-42BA-BB8B-8C1680BA950C} = {E1CB0CE9-A4A3-4404-A90A-62E0A7AA88EF}
		{6A8D0CB0-D9C0-45C3-AE25-85F2B473FBDD} = {E1CB0CE9-A4A3-4404-A90A-62E0A7AA88EF}
		{AAD82862-DF5C-4710-828E-3FE5A06AAEEE} = {E1CB0CE9-A4A3-4404-A90A-62E0A7AA88EF}
		{1CE00FE7-E714-46C3-B291-D1337A8D6BE9} = {E1CB0CE9-A4A3-4404-A90A-62E0A7AA88EF}
		{9D0B6D0D-707A-4979-9B32-7192A131AD8C} = {E1CB0CE9-A4A3-4404-A90A-62E0A7AA88EF}
		{CFB3BE84-E6F2-4D17-BED4-C93DB5E0CFC4} = {150D49D6-313C-42BA-BB8B-8C1680BA950C}
		{5912AAAD-1421-4D1E-A09F-9ED9F969BF68} = {150D49D6-313C-42BA-BB8B-8C1680BA950C}
		{95AAF947-EB19-4EF2-B7C3-4DD06408C820} = {6A8D0CB0-D9C0-45C3-AE25-85F2B473FBDD}
		{CED74FC5-2D93-42C8-B346-888D13A5BB1B} = {AAD82862-DF5C-4710-828E-3FE5A06AAEEE}
		{873785B2-5C57-40E4-A26C-FAC98EC5BECD} = {CED74FC5-2D93-42C8-B346-888D13A5BB1B}
		{0693F8A7-ED6D-4B20-ABD8-A13E67F4CEFF} = {CED74FC5-2D93-42C8-B346-888D13A5BB1B}
		{561AD83B-1836-4FB9-9F4D-A78D3808C9FC} = {1CE00FE7-E714-46C3-B291-D1337A8D6BE9}
		{78C8E2FC-F186-4CAB-8747-ACDA7D70C439} = {96F76891-F808-4BD0-A215-5D02B555C773}
		{1BE16152-3EAE-46A2-B414-334C37149637} = {96F76891-F808-4BD0-A215-5D02B555C773}
		{15C3184B-9C2E-4FD6-886A-64E0DC17CB33} = {3BED37B8-38EC-40BF-B0DD-BAC7490AE447}
		{E085F953-ED78-4EB4-9632-EA0EB12B4F98} = {1472256B-D76A-4C4C-BBF4-58C91291BCC1}
		{4648F84A-31AE-4472-A5AF-388FB9742B78} = {E085F953-ED78-4EB4-9632-EA0EB12B4F98}
		{F91731BE-1DA1-405E-B294-906402D7A874} = {E085F953-ED78-4EB4-9632-EA0EB12B4F98}
		{E525C0C2-D102-4FA7-85E9-CC56BE0417C3} = {8FFFB505-CE1B-4383-AD47-ACBCC8984B14}
	EndGlobalSection
EndGlobal
